# This file is automatically @generated by Cargo.
# It is not intended for manual editing.
version = 3

[[package]]
name = "aes"
version = "0.7.5"
source = "registry+https://github.com/rust-lang/crates.io-index"
checksum = "9e8b47f52ea9bae42228d07ec09eb676433d7c4ed1ebdf0f1d1c29ed446f1ab8"
dependencies = [
 "cfg-if",
 "cipher",
 "cpufeatures",
 "ctr",
 "opaque-debug",
]

[[package]]
name = "anyhow"
version = "1.0.43"
source = "registry+https://github.com/rust-lang/crates.io-index"
checksum = "28ae2b3dec75a406790005a200b1bd89785afc02517a00ca99ecfe093ee9e6cf"

[[package]]
name = "arrayref"
version = "0.3.6"
source = "registry+https://github.com/rust-lang/crates.io-index"
checksum = "a4c527152e37cf757a3f78aae5a06fbeefdb07ccc535c980a3208ee3060dd544"

[[package]]
name = "autocfg"
version = "1.0.1"
source = "registry+https://github.com/rust-lang/crates.io-index"
checksum = "cdb031dd78e28731d87d56cc8ffef4a8f36ca26c38fe2de700543e627f8a464a"

[[package]]
name = "base32"
version = "0.4.0"
source = "registry+https://github.com/rust-lang/crates.io-index"
checksum = "23ce669cd6c8588f79e15cf450314f9638f967fc5770ff1c7c1deb0925ea7cfa"

[[package]]
name = "base64"
version = "0.13.0"
source = "registry+https://github.com/rust-lang/crates.io-index"
checksum = "904dfeac50f3cdaba28fc6f57fdcddb75f49ed61346676a78c4ffe55877802fd"

[[package]]
name = "base64ct"
version = "1.0.1"
source = "registry+https://github.com/rust-lang/crates.io-index"
checksum = "8a32fd6af2b5827bce66c29053ba0e7c42b9dcab01835835058558c10851a46b"

[[package]]
name = "bitflags"
version = "1.3.2"
source = "registry+https://github.com/rust-lang/crates.io-index"
checksum = "bef38d45163c2f1dde094a7dfd33ccf595c92905c8f8f4fdc18d06fb1037718a"

[[package]]
name = "block-buffer"
version = "0.9.0"
source = "registry+https://github.com/rust-lang/crates.io-index"
checksum = "4152116fd6e9dadb291ae18fc1ec3575ed6d84c29642d97890f4b4a3417297e4"
dependencies = [
 "generic-array",
]

[[package]]
name = "block-modes"
version = "0.8.1"
source = "registry+https://github.com/rust-lang/crates.io-index"
checksum = "2cb03d1bed155d89dce0f845b7899b18a9a163e148fd004e1c28421a783e2d8e"
dependencies = [
 "block-padding",
 "cipher",
]

[[package]]
name = "block-padding"
version = "0.2.1"
source = "registry+https://github.com/rust-lang/crates.io-index"
checksum = "8d696c370c750c948ada61c69a0ee2cbbb9c50b1019ddb86d9317157a99c2cae"

[[package]]
name = "cc"
version = "1.0.69"
source = "registry+https://github.com/rust-lang/crates.io-index"
checksum = "e70cc2f62c6ce1868963827bd677764c62d07c3d9a3e1fb1177ee1a9ab199eb2"

[[package]]
name = "cfg-if"
version = "1.0.0"
source = "registry+https://github.com/rust-lang/crates.io-index"
checksum = "baf1de4339761588bc0619e3cbc0120ee582ebb74b53b4efbf79117bd2da40fd"

[[package]]
name = "cipher"
version = "0.3.0"
source = "registry+https://github.com/rust-lang/crates.io-index"
checksum = "7ee52072ec15386f770805afd189a01c8841be8696bed250fa2f13c4c0d6dfb7"
dependencies = [
 "generic-array",
]

[[package]]
name = "cpufeatures"
version = "0.2.1"
source = "registry+https://github.com/rust-lang/crates.io-index"
checksum = "95059428f66df56b63431fdb4e1947ed2190586af5c5a8a8b71122bdf5a7f469"
dependencies = [
 "libc",
]

[[package]]
name = "crypto-mac"
version = "0.11.1"
source = "registry+https://github.com/rust-lang/crates.io-index"
checksum = "b1d1a86f49236c215f271d40892d5fc950490551400b02ef360692c29815c714"
dependencies = [
 "generic-array",
 "subtle",
]

[[package]]
name = "ctr"
version = "0.8.0"
source = "registry+https://github.com/rust-lang/crates.io-index"
checksum = "049bb91fb4aaf0e3c7efa6cd5ef877dbbbd15b39dad06d9948de4ec8a75761ea"
dependencies = [
 "cipher",
]

[[package]]
name = "data-encoding"
version = "2.3.2"
source = "registry+https://github.com/rust-lang/crates.io-index"
checksum = "3ee2393c4a91429dffb4bedf19f4d6abf27d8a732c8ce4980305d782e5426d57"

[[package]]
name = "digest"
version = "0.9.0"
source = "registry+https://github.com/rust-lang/crates.io-index"
checksum = "d3dd60d1080a57a05ab032377049e0591415d2b31afd7028356dbf3cc6dcb066"
dependencies = [
 "generic-array",
]

[[package]]
name = "ed25519"
version = "1.2.0"
source = "registry+https://github.com/rust-lang/crates.io-index"
checksum = "4620d40f6d2601794401d6dd95a5cf69b6c157852539470eeda433a99b3c0efc"
dependencies = [
 "signature",
]

[[package]]
name = "foreign-types"
version = "0.3.2"
source = "registry+https://github.com/rust-lang/crates.io-index"
checksum = "f6f339eb8adc052cd2ca78910fda869aefa38d22d5cb648e6485e4d3fc06f3b1"
dependencies = [
 "foreign-types-shared",
]

[[package]]
name = "foreign-types-shared"
version = "0.1.1"
source = "registry+https://github.com/rust-lang/crates.io-index"
checksum = "00b0228411908ca8685dba7fc2cdd70ec9990a6e753e89b6ac91a84c40fbaf4b"

[[package]]
name = "generic-array"
version = "0.14.4"
source = "registry+https://github.com/rust-lang/crates.io-index"
checksum = "501466ecc8a30d1d3b7fc9229b122b2ce8ed6e9d9223f1138d4babb253e51817"
dependencies = [
 "typenum",
 "version_check",
]

[[package]]
name = "getrandom"
version = "0.2.3"
source = "registry+https://github.com/rust-lang/crates.io-index"
checksum = "7fcd999463524c52659517fe2cea98493cfe485d10565e7b0fb07dbba7ad2753"
dependencies = [
 "cfg-if",
 "libc",
 "wasi",
]

[[package]]
name = "hmac"
version = "0.11.0"
source = "registry+https://github.com/rust-lang/crates.io-index"
checksum = "2a2a2320eb7ec0ebe8da8f744d7812d9fc4cb4d09344ac01898dbcb6a20ae69b"
dependencies = [
 "crypto-mac",
 "digest",
]

[[package]]
name = "libc"
version = "0.2.101"
source = "registry+https://github.com/rust-lang/crates.io-index"
checksum = "3cb00336871be5ed2c8ed44b60ae9959dc5b9f08539422ed43f09e34ecaeba21"

[[package]]
name = "libsodium-sys"
version = "0.2.7"
source = "registry+https://github.com/rust-lang/crates.io-index"
checksum = "6b779387cd56adfbc02ea4a668e704f729be8d6a6abd2c27ca5ee537849a92fd"
dependencies = [
 "cc",
 "libc",
 "pkg-config",
 "walkdir",
]

[[package]]
name = "once_cell"
version = "1.8.0"
source = "registry+https://github.com/rust-lang/crates.io-index"
checksum = "692fcb63b64b1758029e0a96ee63e049ce8c5948587f2f7208df04625e5f6b56"

[[package]]
name = "opaque-debug"
version = "0.3.0"
source = "registry+https://github.com/rust-lang/crates.io-index"
checksum = "624a8340c38c1b80fd549087862da4ba43e08858af025b236e509b6649fc13d5"

[[package]]
name = "openssl"
version = "0.10.36"
source = "registry+https://github.com/rust-lang/crates.io-index"
checksum = "8d9facdb76fec0b73c406f125d44d86fdad818d66fef0531eec9233ca425ff4a"
dependencies = [
 "bitflags",
 "cfg-if",
 "foreign-types",
 "libc",
 "once_cell",
 "openssl-sys",
]

[[package]]
name = "openssl-sys"
version = "0.9.66"
source = "registry+https://github.com/rust-lang/crates.io-index"
checksum = "1996d2d305e561b70d1ee0c53f1542833f4e1ac6ce9a6708b6ff2738ca67dc82"
dependencies = [
 "autocfg",
 "cc",
 "libc",
 "pkg-config",
 "vcpkg",
]

[[package]]
name = "password-hash"
version = "0.3.0"
source = "registry+https://github.com/rust-lang/crates.io-index"
checksum = "7ad7268ef9bc463fddde8361d358fbfae1aeeb1fb62eca111cd8c763bf1c5891"
dependencies = [
 "base64ct",
 "rand_core",
 "subtle",
]

[[package]]
name = "pbkdf2"
version = "0.9.0"
source = "registry+https://github.com/rust-lang/crates.io-index"
checksum = "f05894bce6a1ba4be299d0c5f29563e08af2bc18bb7d48313113bed71e904739"
dependencies = [
 "crypto-mac",
]

[[package]]
name = "pkg-config"
version = "0.3.19"
source = "registry+https://github.com/rust-lang/crates.io-index"
checksum = "3831453b3449ceb48b6d9c7ad7c96d5ea673e9b470a1dc578c2ce6521230884c"

[[package]]
name = "rand_core"
version = "0.6.3"
source = "registry+https://github.com/rust-lang/crates.io-index"
checksum = "d34f1408f55294453790c48b2f1ebbb1c5b4b7563eb1f418bcfcfdbb06ebb4e7"
dependencies = [
 "getrandom",
]

[[package]]
name = "rclone-crypt"
version = "0.1.5"
dependencies = [
 "aes",
 "anyhow",
 "arrayref",
 "base32",
 "base64",
 "block-modes",
 "cipher",
 "data-encoding",
 "openssl",
 "scrypt",
 "sodiumoxide",
]

[[package]]
name = "salsa20"
version = "0.8.1"
source = "registry+https://github.com/rust-lang/crates.io-index"
checksum = "ecbd2eb639fd7cab5804a0837fe373cc2172d15437e804c054a9fb885cb923b0"
dependencies = [
 "cipher",
]

[[package]]
name = "same-file"
version = "1.0.6"
source = "registry+https://github.com/rust-lang/crates.io-index"
checksum = "93fc1dc3aaa9bfed95e02e6eadabb4baf7e3078b0bd1b4d7b6b0b68378900502"
dependencies = [
 "winapi-util",
]

[[package]]
name = "scrypt"
version = "0.8.0"
source = "registry+https://github.com/rust-lang/crates.io-index"
checksum = "9f2cc535b6997b0c755bf9344e71ca0e1be070d07ff792f1fcd31e7b90e07d5f"
dependencies = [
 "hmac",
 "password-hash",
 "pbkdf2",
 "salsa20",
 "sha2",
]

[[package]]
name = "serde"
version = "1.0.130"
source = "registry+https://github.com/rust-lang/crates.io-index"
checksum = "f12d06de37cf59146fbdecab66aa99f9fe4f78722e3607577a5375d66bd0c913"

[[package]]
name = "sha2"
version = "0.9.6"
source = "registry+https://github.com/rust-lang/crates.io-index"
checksum = "9204c41a1597a8c5af23c82d1c921cb01ec0a4c59e07a9c7306062829a3903f3"
dependencies = [
 "block-buffer",
 "cfg-if",
 "cpufeatures",
 "digest",
 "opaque-debug",
]

[[package]]
name = "signature"
version = "1.3.1"
source = "registry+https://github.com/rust-lang/crates.io-index"
checksum = "c19772be3c4dd2ceaacf03cb41d5885f2a02c4d8804884918e3a258480803335"

[[package]]
name = "sodiumoxide"
version = "0.2.7"
source = "registry+https://github.com/rust-lang/crates.io-index"
checksum = "e26be3acb6c2d9a7aac28482586a7856436af4cfe7100031d219de2d2ecb0028"
dependencies = [
 "ed25519",
 "libc",
 "libsodium-sys",
 "serde",
]

[[package]]
name = "subtle"
version = "2.4.1"
source = "registry+https://github.com/rust-lang/crates.io-index"
checksum = "6bdef32e8150c2a081110b42772ffe7d7c9032b606bc226c8260fd97e0976601"

[[package]]
name = "typenum"
version = "1.13.0"
source = "registry+https://github.com/rust-lang/crates.io-index"
checksum = "879f6906492a7cd215bfa4cf595b600146ccfac0c79bcbd1f3000162af5e8b06"

[[package]]
name = "vcpkg"
version = "0.2.15"
source = "registry+https://github.com/rust-lang/crates.io-index"
checksum = "accd4ea62f7bb7a82fe23066fb0957d48ef677f6eeb8215f372f52e48bb32426"

[[package]]
name = "version_check"
version = "0.9.3"
source = "registry+https://github.com/rust-lang/crates.io-index"
checksum = "5fecdca9a5291cc2b8dcf7dc02453fee791a280f3743cb0905f8822ae463b3fe"

[[package]]
name = "walkdir"
version = "2.3.2"
source = "registry+https://github.com/rust-lang/crates.io-index"
checksum = "808cf2735cd4b6866113f648b791c6adc5714537bc222d9347bb203386ffda56"
dependencies = [
 "same-file",
 "winapi",
 "winapi-util",
]

[[package]]
name = "wasi"
version = "0.10.2+wasi-snapshot-preview1"
source = "registry+https://github.com/rust-lang/crates.io-index"
checksum = "fd6fbd9a79829dd1ad0cc20627bf1ed606756a7f77edff7b66b7064f9cb327c6"

[[package]]
name = "winapi"
version = "0.3.9"
source = "registry+https://github.com/rust-lang/crates.io-index"
checksum = "5c839a674fcd7a98952e593242ea400abe93992746761e38641405d28b00f419"
dependencies = [
 "winapi-i686-pc-windows-gnu",
 "winapi-x86_64-pc-windows-gnu",
]

[[package]]
name = "winapi-i686-pc-windows-gnu"
version = "0.4.0"
source = "registry+https://github.com/rust-lang/crates.io-index"
checksum = "ac3b87c63620426dd9b991e5ce0329eff545bccbbb34f3be09ff6fb6ab51b7b6"

[[package]]
name = "winapi-util"
version = "0.1.5"
source = "registry+https://github.com/rust-lang/crates.io-index"
checksum = "70ec6ce85bb158151cae5e5c87f95a8e97d2c0c4b001223f33a334e3ce5de178"
dependencies = [
 "winapi",
]

[[package]]
name = "winapi-x86_64-pc-windows-gnu"
version = "0.4.0"
source = "registry+https://github.com/rust-lang/crates.io-index"
checksum = "712e227841d057c1ee1cd2fb22fa7e5a5461ae8e48fa2ca79ec42cfc1931183f"
